
Microsoft Visual Studio Solution File, Format Version 12.00
# Visual Studio Version 17
VisualStudioVersion = 17.4.33213.308
MinimumVisualStudioVersion = 10.0.40219.1
Project("{9A19103F-16F7-4668-BE54-9A1E7A4F7556}") = "csharp-programming", "csharp-programming\csharp-programming.csproj", "{A0F02AC6-FE52-4050-92B9-3768CF153892}"
EndProject
Project("{9A19103F-16F7-4668-BE54-9A1E7A4F7556}") = "dummy-class-library", "dummy-class-library\dummy-class-library.csproj", "{752A5C07-5800-4F9D-8175-509A93F74FD1}"
EndProject
Project("{9A19103F-16F7-4668-BE54-9A1E7A4F7556}") = "MathClassLibrary", "MathClassLibrary\MathClassLibrary.csproj", "{01D1AF4F-6ECA-4B9E-B918-3FFD8BC6609F}"
EndProject
Project("{8BC9CEB8-8B4A-11D0-8D11-00A0C91BC942}") = "utilities2", "utilities2\utilities2.vcxproj", "{798399B7-BC00-42E0-B36A-F554DC961C29}"
EndProject
Project("{FAE04EC0-301F-11D3-BF4B-00C04F79EFBC}") = "serialization-demos", "serialization-demos\serialization-demos.csproj", "{6BB2A5B8-73F9-4BF6-AE77-89E85AB03CD6}"
EndProject
Project("{9A19103F-16F7-4668-BE54-9A1E7A4F7556}") = "biblio2-app", "biblio2-app\biblio2-app.csproj", "{48AAC729-F14A-425D-B4C5-643A2F70A949}"
EndProject
Project("{FAE04EC0-301F-11D3-BF4B-00C04F79EFBC}") = "MyMath", "MyMath\MyMath.csproj", "{39099291-F0BE-4BC3-BF05-4A8027002C38}"
EndProject
Project("{FAE04EC0-301F-11D3-BF4B-00C04F79EFBC}") = "PratitiEmployeeApplication", "PratitiEmployeeApplication\PratitiEmployeeApplication.csproj", "{5D888C22-C4CF-44CF-9B94-C2B8A0C1E317}"
EndProject
Project("{9A19103F-16F7-4668-BE54-9A1E7A4F7556}") = "Dot-Net-Training", "Dot-Net-Training\Dot-Net-Training.csproj", "{59BF0100-91A9-446C-AF85-6474BA2A7D4B}"
EndProject
Project("{FAE04EC0-301F-11D3-BF4B-00C04F79EFBC}") = "ptatiti-dot-net", "ptatiti-dot-net\ptatiti-dot-net.csproj", "{6918A3F3-EBFA-4BD3-9B9B-1D25349622A7}"
EndProject
Project("{FAE04EC0-301F-11D3-BF4B-00C04F79EFBC}") = "dot-net-databse-first-approach", "dot-net-databse-first-approach\dot-net-databse-first-approach.csproj", "{13276356-BF4B-43B0-8364-0BB75E6800E5}"
EndProject
Project("{FAE04EC0-301F-11D3-BF4B-00C04F79EFBC}") = "model-first-approach-create-table", "databse-first-approach-create-table\model-first-approach-create-table.csproj", "{4D43A60C-3222-4448-8830-D7D01E7E37DA}"
EndProject
Project("{FAE04EC0-301F-11D3-BF4B-00C04F79EFBC}") = "code-first-approach", "code-first-approach\code-first-approach.csproj", "{A6A412A9-5DAF-4740-8B2B-2D58891D6005}"
EndProject
Project("{FAE04EC0-301F-11D3-BF4B-00C04F79EFBC}") = "WebApplication1", "WebApplication1\WebApplication1.csproj", "{C897BC29-E399-43DD-8F3A-3D79BFCAA89C}"
EndProject
Project("{FAE04EC0-301F-11D3-BF4B-00C04F79EFBC}") = "ProductService", "ProductService\ProductService.csproj", "{19F8DB0F-8295-4496-8794-2ADF83E18877}"
EndProject
Project("{FAE04EC0-301F-11D3-BF4B-00C04F79EFBC}") = "WebApplication3", "WebApplication3\WebApplication3.csproj", "{7D0675F2-D541-4702-99BA-478B9E310119}"
EndProject
Project("{FAE04EC0-301F-11D3-BF4B-00C04F79EFBC}") = "EntityModels", "EntityModels\EntityModels.csproj", "{A69B184A-712C-468E-BB31-66FF184D0B10}"
EndProject
Project("{FAE04EC0-301F-11D3-BF4B-00C04F79EFBC}") = "WebApplication4", "WebApplication4\WebApplication4.csproj", "{616730AE-4AA4-4E8F-AF6E-1BEAD163D8E9}"
EndProject
Global
	GlobalSection(SolutionConfigurationPlatforms) = preSolution
		Debug|Any CPU = Debug|Any CPU
		Debug|x64 = Debug|x64
		Debug|x86 = Debug|x86
		Release|Any CPU = Release|Any CPU
		Release|x64 = Release|x64
		Release|x86 = Release|x86
	EndGlobalSection
	GlobalSection(ProjectConfigurationPlatforms) = postSolution
		{A0F02AC6-FE52-4050-92B9-3768CF153892}.Debug|Any CPU.ActiveCfg = Debug|Any CPU
		{A0F02AC6-FE52-4050-92B9-3768CF153892}.Debug|Any CPU.Build.0 = Debug|Any CPU
		{A0F02AC6-FE52-4050-92B9-3768CF153892}.Debug|x64.ActiveCfg = Debug|Any CPU
		{A0F02AC6-FE52-4050-92B9-3768CF153892}.Debug|x64.Build.0 = Debug|Any CPU
		{A0F02AC6-FE52-4050-92B9-3768CF153892}.Debug|x86.ActiveCfg = Debug|Any CPU
		{A0F02AC6-FE52-4050-92B9-3768CF153892}.Debug|x86.Build.0 = Debug|Any CPU
		{A0F02AC6-FE52-4050-92B9-3768CF153892}.Release|Any CPU.ActiveCfg = Release|Any CPU
		{A0F02AC6-FE52-4050-92B9-3768CF153892}.Release|Any CPU.Build.0 = Release|Any CPU
		{A0F02AC6-FE52-4050-92B9-3768CF153892}.Release|x64.ActiveCfg = Release|Any CPU
		{A0F02AC6-FE52-4050-92B9-3768CF153892}.Release|x64.Build.0 = Release|Any CPU
		{A0F02AC6-FE52-4050-92B9-3768CF153892}.Release|x86.ActiveCfg = Release|Any CPU
		{A0F02AC6-FE52-4050-92B9-3768CF153892}.Release|x86.Build.0 = Release|Any CPU
		{752A5C07-5800-4F9D-8175-509A93F74FD1}.Debug|Any CPU.ActiveCfg = Debug|Any CPU
		{752A5C07-5800-4F9D-8175-509A93F74FD1}.Debug|Any CPU.Build.0 = Debug|Any CPU
		{752A5C07-5800-4F9D-8175-509A93F74FD1}.Debug|x64.ActiveCfg = Debug|Any CPU
		{752A5C07-5800-4F9D-8175-509A93F74FD1}.Debug|x64.Build.0 = Debug|Any CPU
		{752A5C07-5800-4F9D-8175-509A93F74FD1}.Debug|x86.ActiveCfg = Debug|Any CPU
		{752A5C07-5800-4F9D-8175-509A93F74FD1}.Debug|x86.Build.0 = Debug|Any CPU
		{752A5C07-5800-4F9D-8175-509A93F74FD1}.Release|Any CPU.ActiveCfg = Release|Any CPU
		{752A5C07-5800-4F9D-8175-509A93F74FD1}.Release|Any CPU.Build.0 = Release|Any CPU
		{752A5C07-5800-4F9D-8175-509A93F74FD1}.Release|x64.ActiveCfg = Release|Any CPU
		{752A5C07-5800-4F9D-8175-509A93F74FD1}.Release|x64.Build.0 = Release|Any CPU
		{752A5C07-5800-4F9D-8175-509A93F74FD1}.Release|x86.ActiveCfg = Release|Any CPU
		{752A5C07-5800-4F9D-8175-509A93F74FD1}.Release|x86.Build.0 = Release|Any CPU
		{01D1AF4F-6ECA-4B9E-B918-3FFD8BC6609F}.Debug|Any CPU.ActiveCfg = Debug|Any CPU
		{01D1AF4F-6ECA-4B9E-B918-3FFD8BC6609F}.Debug|Any CPU.Build.0 = Debug|Any CPU
		{01D1AF4F-6ECA-4B9E-B918-3FFD8BC6609F}.Debug|x64.ActiveCfg = Debug|Any CPU
		{01D1AF4F-6ECA-4B9E-B918-3FFD8BC6609F}.Debug|x64.Build.0 = Debug|Any CPU
		{01D1AF4F-6ECA-4B9E-B918-3FFD8BC6609F}.Debug|x86.ActiveCfg = Debug|Any CPU
		{01D1AF4F-6ECA-4B9E-B918-3FFD8BC6609F}.Debug|x86.Build.0 = Debug|Any CPU
		{01D1AF4F-6ECA-4B9E-B918-3FFD8BC6609F}.Release|Any CPU.ActiveCfg = Release|Any CPU
		{01D1AF4F-6ECA-4B9E-B918-3FFD8BC6609F}.Release|Any CPU.Build.0 = Release|Any CPU
		{01D1AF4F-6ECA-4B9E-B918-3FFD8BC6609F}.Release|x64.ActiveCfg = Release|Any CPU
		{01D1AF4F-6ECA-4B9E-B918-3FFD8BC6609F}.Release|x64.Build.0 = Release|Any CPU
		{01D1AF4F-6ECA-4B9E-B918-3FFD8BC6609F}.Release|x86.ActiveCfg = Release|Any CPU
		{01D1AF4F-6ECA-4B9E-B918-3FFD8BC6609F}.Release|x86.Build.0 = Release|Any CPU
		{798399B7-BC00-42E0-B36A-F554DC961C29}.Debug|Any CPU.ActiveCfg = Debug|x64
		{798399B7-BC00-42E0-B36A-F554DC961C29}.Debug|Any CPU.Build.0 = Debug|x64
		{798399B7-BC00-42E0-B36A-F554DC961C29}.Debug|x64.ActiveCfg = Debug|x64
		{798399B7-BC00-42E0-B36A-F554DC961C29}.Debug|x64.Build.0 = Debug|x64
		{798399B7-BC00-42E0-B36A-F554DC961C29}.Debug|x86.ActiveCfg = Debug|Win32
		{798399B7-BC00-42E0-B36A-F554DC961C29}.Debug|x86.Build.0 = Debug|Win32
		{798399B7-BC00-42E0-B36A-F554DC961C29}.Release|Any CPU.ActiveCfg = Release|x64
		{798399B7-BC00-42E0-B36A-F554DC961C29}.Release|Any CPU.Build.0 = Release|x64
		{798399B7-BC00-42E0-B36A-F554DC961C29}.Release|x64.ActiveCfg = Release|x64
		{798399B7-BC00-42E0-B36A-F554DC961C29}.Release|x64.Build.0 = Release|x64
		{798399B7-BC00-42E0-B36A-F554DC961C29}.Release|x86.ActiveCfg = Release|Win32
		{798399B7-BC00-42E0-B36A-F554DC961C29}.Release|x86.Build.0 = Release|Win32
		{6BB2A5B8-73F9-4BF6-AE77-89E85AB03CD6}.Debug|Any CPU.ActiveCfg = Debug|Any CPU
		{6BB2A5B8-73F9-4BF6-AE77-89E85AB03CD6}.Debug|Any CPU.Build.0 = Debug|Any CPU
		{6BB2A5B8-73F9-4BF6-AE77-89E85AB03CD6}.Debug|x64.ActiveCfg = Debug|Any CPU
		{6BB2A5B8-73F9-4BF6-AE77-89E85AB03CD6}.Debug|x64.Build.0 = Debug|Any CPU
		{6BB2A5B8-73F9-4BF6-AE77-89E85AB03CD6}.Debug|x86.ActiveCfg = Debug|Any CPU
		{6BB2A5B8-73F9-4BF6-AE77-89E85AB03CD6}.Debug|x86.Build.0 = Debug|Any CPU
		{6BB2A5B8-73F9-4BF6-AE77-89E85AB03CD6}.Release|Any CPU.ActiveCfg = Release|Any CPU
		{6BB2A5B8-73F9-4BF6-AE77-89E85AB03CD6}.Release|Any CPU.Build.0 = Release|Any CPU
		{6BB2A5B8-73F9-4BF6-AE77-89E85AB03CD6}.Release|x64.ActiveCfg = Release|Any CPU
		{6BB2A5B8-73F9-4BF6-AE77-89E85AB03CD6}.Release|x64.Build.0 = Release|Any CPU
		{6BB2A5B8-73F9-4BF6-AE77-89E85AB03CD6}.Release|x86.ActiveCfg = Release|Any CPU
		{6BB2A5B8-73F9-4BF6-AE77-89E85AB03CD6}.Release|x86.Build.0 = Release|Any CPU
		{48AAC729-F14A-425D-B4C5-643A2F70A949}.Debug|Any CPU.ActiveCfg = Debug|Any CPU
		{48AAC729-F14A-425D-B4C5-643A2F70A949}.Debug|Any CPU.Build.0 = Debug|Any CPU
		{48AAC729-F14A-425D-B4C5-643A2F70A949}.Debug|x64.ActiveCfg = Debug|Any CPU
		{48AAC729-F14A-425D-B4C5-643A2F70A949}.Debug|x64.Build.0 = Debug|Any CPU
		{48AAC729-F14A-425D-B4C5-643A2F70A949}.Debug|x86.ActiveCfg = Debug|Any CPU
		{48AAC729-F14A-425D-B4C5-643A2F70A949}.Debug|x86.Build.0 = Debug|Any CPU
		{48AAC729-F14A-425D-B4C5-643A2F70A949}.Release|Any CPU.ActiveCfg = Release|Any CPU
		{48AAC729-F14A-425D-B4C5-643A2F70A949}.Release|Any CPU.Build.0 = Release|Any CPU
		{48AAC729-F14A-425D-B4C5-643A2F70A949}.Release|x64.ActiveCfg = Release|Any CPU
		{48AAC729-F14A-425D-B4C5-643A2F70A949}.Release|x64.Build.0 = Release|Any CPU
		{48AAC729-F14A-425D-B4C5-643A2F70A949}.Release|x86.ActiveCfg = Release|Any CPU
		{48AAC729-F14A-425D-B4C5-643A2F70A949}.Release|x86.Build.0 = Release|Any CPU
		{39099291-F0BE-4BC3-BF05-4A8027002C38}.Debug|Any CPU.ActiveCfg = Debug|Any CPU
		{39099291-F0BE-4BC3-BF05-4A8027002C38}.Debug|Any CPU.Build.0 = Debug|Any CPU
		{39099291-F0BE-4BC3-BF05-4A8027002C38}.Debug|x64.ActiveCfg = Debug|Any CPU
		{39099291-F0BE-4BC3-BF05-4A8027002C38}.Debug|x64.Build.0 = Debug|Any CPU
		{39099291-F0BE-4BC3-BF05-4A8027002C38}.Debug|x86.ActiveCfg = Debug|Any CPU
		{39099291-F0BE-4BC3-BF05-4A8027002C38}.Debug|x86.Build.0 = Debug|Any CPU
		{39099291-F0BE-4BC3-BF05-4A8027002C38}.Release|Any CPU.ActiveCfg = Release|Any CPU
		{39099291-F0BE-4BC3-BF05-4A8027002C38}.Release|Any CPU.Build.0 = Release|Any CPU
		{39099291-F0BE-4BC3-BF05-4A8027002C38}.Release|x64.ActiveCfg = Release|Any CPU
		{39099291-F0BE-4BC3-BF05-4A8027002C38}.Release|x64.Build.0 = Release|Any CPU
		{39099291-F0BE-4BC3-BF05-4A8027002C38}.Release|x86.ActiveCfg = Release|Any CPU
		{39099291-F0BE-4BC3-BF05-4A8027002C38}.Release|x86.Build.0 = Release|Any CPU
		{5D888C22-C4CF-44CF-9B94-C2B8A0C1E317}.Debug|Any CPU.ActiveCfg = Debug|Any CPU
		{5D888C22-C4CF-44CF-9B94-C2B8A0C1E317}.Debug|Any CPU.Build.0 = Debug|Any CPU
		{5D888C22-C4CF-44CF-9B94-C2B8A0C1E317}.Debug|x64.ActiveCfg = Debug|Any CPU
		{5D888C22-C4CF-44CF-9B94-C2B8A0C1E317}.Debug|x64.Build.0 = Debug|Any CPU
		{5D888C22-C4CF-44CF-9B94-C2B8A0C1E317}.Debug|x86.ActiveCfg = Debug|Any CPU
		{5D888C22-C4CF-44CF-9B94-C2B8A0C1E317}.Debug|x86.Build.0 = Debug|Any CPU
		{5D888C22-C4CF-44CF-9B94-C2B8A0C1E317}.Release|Any CPU.ActiveCfg = Release|Any CPU
		{5D888C22-C4CF-44CF-9B94-C2B8A0C1E317}.Release|Any CPU.Build.0 = Release|Any CPU
		{5D888C22-C4CF-44CF-9B94-C2B8A0C1E317}.Release|x64.ActiveCfg = Release|Any CPU
		{5D888C22-C4CF-44CF-9B94-C2B8A0C1E317}.Release|x64.Build.0 = Release|Any CPU
		{5D888C22-C4CF-44CF-9B94-C2B8A0C1E317}.Release|x86.ActiveCfg = Release|Any CPU
		{5D888C22-C4CF-44CF-9B94-C2B8A0C1E317}.Release|x86.Build.0 = Release|Any CPU
		{59BF0100-91A9-446C-AF85-6474BA2A7D4B}.Debug|Any CPU.ActiveCfg = Debug|Any CPU
		{59BF0100-91A9-446C-AF85-6474BA2A7D4B}.Debug|Any CPU.Build.0 = Debug|Any CPU
		{59BF0100-91A9-446C-AF85-6474BA2A7D4B}.Debug|x64.ActiveCfg = Debug|Any CPU
		{59BF0100-91A9-446C-AF85-6474BA2A7D4B}.Debug|x64.Build.0 = Debug|Any CPU
		{59BF0100-91A9-446C-AF85-6474BA2A7D4B}.Debug|x86.ActiveCfg = Debug|Any CPU
		{59BF0100-91A9-446C-AF85-6474BA2A7D4B}.Debug|x86.Build.0 = Debug|Any CPU
		{59BF0100-91A9-446C-AF85-6474BA2A7D4B}.Release|Any CPU.ActiveCfg = Release|Any CPU
		{59BF0100-91A9-446C-AF85-6474BA2A7D4B}.Release|Any CPU.Build.0 = Release|Any CPU
		{59BF0100-91A9-446C-AF85-6474BA2A7D4B}.Release|x64.ActiveCfg = Release|Any CPU
		{59BF0100-91A9-446C-AF85-6474BA2A7D4B}.Release|x64.Build.0 = Release|Any CPU
		{59BF0100-91A9-446C-AF85-6474BA2A7D4B}.Release|x86.ActiveCfg = Release|Any CPU
		{59BF0100-91A9-446C-AF85-6474BA2A7D4B}.Release|x86.Build.0 = Release|Any CPU
		{6918A3F3-EBFA-4BD3-9B9B-1D25349622A7}.Debug|Any CPU.ActiveCfg = Debug|Any CPU
		{6918A3F3-EBFA-4BD3-9B9B-1D25349622A7}.Debug|Any CPU.Build.0 = Debug|Any CPU
		{6918A3F3-EBFA-4BD3-9B9B-1D25349622A7}.Debug|x64.ActiveCfg = Debug|Any CPU
		{6918A3F3-EBFA-4BD3-9B9B-1D25349622A7}.Debug|x64.Build.0 = Debug|Any CPU
		{6918A3F3-EBFA-4BD3-9B9B-1D25349622A7}.Debug|x86.ActiveCfg = Debug|Any CPU
		{6918A3F3-EBFA-4BD3-9B9B-1D25349622A7}.Debug|x86.Build.0 = Debug|Any CPU
		{6918A3F3-EBFA-4BD3-9B9B-1D25349622A7}.Release|Any CPU.ActiveCfg = Release|Any CPU
		{6918A3F3-EBFA-4BD3-9B9B-1D25349622A7}.Release|Any CPU.Build.0 = Release|Any CPU
		{6918A3F3-EBFA-4BD3-9B9B-1D25349622A7}.Release|x64.ActiveCfg = Release|Any CPU
		{6918A3F3-EBFA-4BD3-9B9B-1D25349622A7}.Release|x64.Build.0 = Release|Any CPU
		{6918A3F3-EBFA-4BD3-9B9B-1D25349622A7}.Release|x86.ActiveCfg = Release|Any CPU
		{6918A3F3-EBFA-4BD3-9B9B-1D25349622A7}.Release|x86.Build.0 = Release|Any CPU
		{13276356-BF4B-43B0-8364-0BB75E6800E5}.Debug|Any CPU.ActiveCfg = Debug|Any CPU
		{13276356-BF4B-43B0-8364-0BB75E6800E5}.Debug|Any CPU.Build.0 = Debug|Any CPU
		{13276356-BF4B-43B0-8364-0BB75E6800E5}.Debug|x64.ActiveCfg = Debug|Any CPU
		{13276356-BF4B-43B0-8364-0BB75E6800E5}.Debug|x64.Build.0 = Debug|Any CPU
		{13276356-BF4B-43B0-8364-0BB75E6800E5}.Debug|x86.ActiveCfg = Debug|Any CPU
		{13276356-BF4B-43B0-8364-0BB75E6800E5}.Debug|x86.Build.0 = Debug|Any CPU
		{13276356-BF4B-43B0-8364-0BB75E6800E5}.Release|Any CPU.ActiveCfg = Release|Any CPU
		{13276356-BF4B-43B0-8364-0BB75E6800E5}.Release|Any CPU.Build.0 = Release|Any CPU
		{13276356-BF4B-43B0-8364-0BB75E6800E5}.Release|x64.ActiveCfg = Release|Any CPU
		{13276356-BF4B-43B0-8364-0BB75E6800E5}.Release|x64.Build.0 = Release|Any CPU
		{13276356-BF4B-43B0-8364-0BB75E6800E5}.Release|x86.ActiveCfg = Release|Any CPU
		{13276356-BF4B-43B0-8364-0BB75E6800E5}.Release|x86.Build.0 = Release|Any CPU
		{4D43A60C-3222-4448-8830-D7D01E7E37DA}.Debug|Any CPU.ActiveCfg = Debug|Any CPU
		{4D43A60C-3222-4448-8830-D7D01E7E37DA}.Debug|Any CPU.Build.0 = Debug|Any CPU
		{4D43A60C-3222-4448-8830-D7D01E7E37DA}.Debug|x64.ActiveCfg = Debug|Any CPU
		{4D43A60C-3222-4448-8830-D7D01E7E37DA}.Debug|x64.Build.0 = Debug|Any CPU
		{4D43A60C-3222-4448-8830-D7D01E7E37DA}.Debug|x86.ActiveCfg = Debug|Any CPU
		{4D43A60C-3222-4448-8830-D7D01E7E37DA}.Debug|x86.Build.0 = Debug|Any CPU
		{4D43A60C-3222-4448-8830-D7D01E7E37DA}.Release|Any CPU.ActiveCfg = Release|Any CPU
		{4D43A60C-3222-4448-8830-D7D01E7E37DA}.Release|Any CPU.Build.0 = Release|Any CPU
		{4D43A60C-3222-4448-8830-D7D01E7E37DA}.Release|x64.ActiveCfg = Release|Any CPU
		{4D43A60C-3222-4448-8830-D7D01E7E37DA}.Release|x64.Build.0 = Release|Any CPU
		{4D43A60C-3222-4448-8830-D7D01E7E37DA}.Release|x86.ActiveCfg = Release|Any CPU
		{4D43A60C-3222-4448-8830-D7D01E7E37DA}.Release|x86.Build.0 = Release|Any CPU
		{A6A412A9-5DAF-4740-8B2B-2D58891D6005}.Debug|Any CPU.ActiveCfg = Debug|Any CPU
		{A6A412A9-5DAF-4740-8B2B-2D58891D6005}.Debug|Any CPU.Build.0 = Debug|Any CPU
		{A6A412A9-5DAF-4740-8B2B-2D58891D6005}.Debug|x64.ActiveCfg = Debug|Any CPU
		{A6A412A9-5DAF-4740-8B2B-2D58891D6005}.Debug|x64.Build.0 = Debug|Any CPU
		{A6A412A9-5DAF-4740-8B2B-2D58891D6005}.Debug|x86.ActiveCfg = Debug|Any CPU
		{A6A412A9-5DAF-4740-8B2B-2D58891D6005}.Debug|x86.Build.0 = Debug|Any CPU
		{A6A412A9-5DAF-4740-8B2B-2D58891D6005}.Release|Any CPU.ActiveCfg = Release|Any CPU
		{A6A412A9-5DAF-4740-8B2B-2D58891D6005}.Release|Any CPU.Build.0 = Release|Any CPU
		{A6A412A9-5DAF-4740-8B2B-2D58891D6005}.Release|x64.ActiveCfg = Release|Any CPU
		{A6A412A9-5DAF-4740-8B2B-2D58891D6005}.Release|x64.Build.0 = Release|Any CPU
		{A6A412A9-5DAF-4740-8B2B-2D58891D6005}.Release|x86.ActiveCfg = Release|Any CPU
		{A6A412A9-5DAF-4740-8B2B-2D58891D6005}.Release|x86.Build.0 = Release|Any CPU
		{C897BC29-E399-43DD-8F3A-3D79BFCAA89C}.Debug|Any CPU.ActiveCfg = Debug|Any CPU
		{C897BC29-E399-43DD-8F3A-3D79BFCAA89C}.Debug|Any CPU.Build.0 = Debug|Any CPU
		{C897BC29-E399-43DD-8F3A-3D79BFCAA89C}.Debug|x64.ActiveCfg = Debug|Any CPU
		{C897BC29-E399-43DD-8F3A-3D79BFCAA89C}.Debug|x64.Build.0 = Debug|Any CPU
		{C897BC29-E399-43DD-8F3A-3D79BFCAA89C}.Debug|x86.ActiveCfg = Debug|Any CPU
		{C897BC29-E399-43DD-8F3A-3D79BFCAA89C}.Debug|x86.Build.0 = Debug|Any CPU
		{C897BC29-E399-43DD-8F3A-3D79BFCAA89C}.Release|Any CPU.ActiveCfg = Release|Any CPU
		{C897BC29-E399-43DD-8F3A-3D79BFCAA89C}.Release|Any CPU.Build.0 = Release|Any CPU
		{C897BC29-E399-43DD-8F3A-3D79BFCAA89C}.Release|x64.ActiveCfg = Release|Any CPU
		{C897BC29-E399-43DD-8F3A-3D79BFCAA89C}.Release|x64.Build.0 = Release|Any CPU
		{C897BC29-E399-43DD-8F3A-3D79BFCAA89C}.Release|x86.ActiveCfg = Release|Any CPU
		{C897BC29-E399-43DD-8F3A-3D79BFCAA89C}.Release|x86.Build.0 = Release|Any CPU
		{19F8DB0F-8295-4496-8794-2ADF83E18877}.Debug|Any CPU.ActiveCfg = Debug|Any CPU
		{19F8DB0F-8295-4496-8794-2ADF83E18877}.Debug|Any CPU.Build.0 = Debug|Any CPU
		{19F8DB0F-8295-4496-8794-2ADF83E18877}.Debug|x64.ActiveCfg = Debug|Any CPU
		{19F8DB0F-8295-4496-8794-2ADF83E18877}.Debug|x64.Build.0 = Debug|Any CPU
		{19F8DB0F-8295-4496-8794-2ADF83E18877}.Debug|x86.ActiveCfg = Debug|Any CPU
		{19F8DB0F-8295-4496-8794-2ADF83E18877}.Debug|x86.Build.0 = Debug|Any CPU
		{19F8DB0F-8295-4496-8794-2ADF83E18877}.Release|Any CPU.ActiveCfg = Release|Any CPU
		{19F8DB0F-8295-4496-8794-2ADF83E18877}.Release|Any CPU.Build.0 = Release|Any CPU
		{19F8DB0F-8295-4496-8794-2ADF83E18877}.Release|x64.ActiveCfg = Release|Any CPU
		{19F8DB0F-8295-4496-8794-2ADF83E18877}.Release|x64.Build.0 = Release|Any CPU
		{19F8DB0F-8295-4496-8794-2ADF83E18877}.Release|x86.ActiveCfg = Release|Any CPU
		{19F8DB0F-8295-4496-8794-2ADF83E18877}.Release|x86.Build.0 = Release|Any CPU
		{7D0675F2-D541-4702-99BA-478B9E310119}.Debug|Any CPU.ActiveCfg = Debug|Any CPU
		{7D0675F2-D541-4702-99BA-478B9E310119}.Debug|Any CPU.Build.0 = Debug|Any CPU
		{7D0675F2-D541-4702-99BA-478B9E310119}.Debug|x64.ActiveCfg = Debug|Any CPU
		{7D0675F2-D541-4702-99BA-478B9E310119}.Debug|x64.Build.0 = Debug|Any CPU
		{7D0675F2-D541-4702-99BA-478B9E310119}.Debug|x86.ActiveCfg = Debug|Any CPU
		{7D0675F2-D541-4702-99BA-478B9E310119}.Debug|x86.Build.0 = Debug|Any CPU
		{7D0675F2-D541-4702-99BA-478B9E310119}.Release|Any CPU.ActiveCfg = Release|Any CPU
		{7D0675F2-D541-4702-99BA-478B9E310119}.Release|Any CPU.Build.0 = Release|Any CPU
		{7D0675F2-D541-4702-99BA-478B9E310119}.Release|x64.ActiveCfg = Release|Any CPU
		{7D0675F2-D541-4702-99BA-478B9E310119}.Release|x64.Build.0 = Release|Any CPU
		{7D0675F2-D541-4702-99BA-478B9E310119}.Release|x86.ActiveCfg = Release|Any CPU
		{7D0675F2-D541-4702-99BA-478B9E310119}.Release|x86.Build.0 = Release|Any CPU
		{A69B184A-712C-468E-BB31-66FF184D0B10}.Debug|Any CPU.ActiveCfg = Debug|Any CPU
		{A69B184A-712C-468E-BB31-66FF184D0B10}.Debug|Any CPU.Build.0 = Debug|Any CPU
		{A69B184A-712C-468E-BB31-66FF184D0B10}.Debug|x64.ActiveCfg = Debug|Any CPU
		{A69B184A-712C-468E-BB31-66FF184D0B10}.Debug|x64.Build.0 = Debug|Any CPU
		{A69B184A-712C-468E-BB31-66FF184D0B10}.Debug|x86.ActiveCfg = Debug|Any CPU
		{A69B184A-712C-468E-BB31-66FF184D0B10}.Debug|x86.Build.0 = Debug|Any CPU
		{A69B184A-712C-468E-BB31-66FF184D0B10}.Release|Any CPU.ActiveCfg = Release|Any CPU
		{A69B184A-712C-468E-BB31-66FF184D0B10}.Release|Any CPU.Build.0 = Release|Any CPU
		{A69B184A-712C-468E-BB31-66FF184D0B10}.Release|x64.ActiveCfg = Release|Any CPU
		{A69B184A-712C-468E-BB31-66FF184D0B10}.Release|x64.Build.0 = Release|Any CPU
		{A69B184A-712C-468E-BB31-66FF184D0B10}.Release|x86.ActiveCfg = Release|Any CPU
		{A69B184A-712C-468E-BB31-66FF184D0B10}.Release|x86.Build.0 = Release|Any CPU
		{616730AE-4AA4-4E8F-AF6E-1BEAD163D8E9}.Debug|Any CPU.ActiveCfg = Debug|Any CPU
		{616730AE-4AA4-4E8F-AF6E-1BEAD163D8E9}.Debug|Any CPU.Build.0 = Debug|Any CPU
		{616730AE-4AA4-4E8F-AF6E-1BEAD163D8E9}.Debug|x64.ActiveCfg = Debug|Any CPU
		{616730AE-4AA4-4E8F-AF6E-1BEAD163D8E9}.Debug|x64.Build.0 = Debug|Any CPU
		{616730AE-4AA4-4E8F-AF6E-1BEAD163D8E9}.Debug|x86.ActiveCfg = Debug|Any CPU
		{616730AE-4AA4-4E8F-AF6E-1BEAD163D8E9}.Debug|x86.Build.0 = Debug|Any CPU
		{616730AE-4AA4-4E8F-AF6E-1BEAD163D8E9}.Release|Any CPU.ActiveCfg = Release|Any CPU
		{616730AE-4AA4-4E8F-AF6E-1BEAD163D8E9}.Release|Any CPU.Build.0 = Release|Any CPU
		{616730AE-4AA4-4E8F-AF6E-1BEAD163D8E9}.Release|x64.ActiveCfg = Release|Any CPU
		{616730AE-4AA4-4E8F-AF6E-1BEAD163D8E9}.Release|x64.Build.0 = Release|Any CPU
		{616730AE-4AA4-4E8F-AF6E-1BEAD163D8E9}.Release|x86.ActiveCfg = Release|Any CPU
		{616730AE-4AA4-4E8F-AF6E-1BEAD163D8E9}.Release|x86.Build.0 = Release|Any CPU
	EndGlobalSection
	GlobalSection(SolutionProperties) = preSolution
		HideSolutionNode = FALSE
	EndGlobalSection
	GlobalSection(ExtensibilityGlobals) = postSolution
		SolutionGuid = {C246B7B8-C506-45A8-B4FC-8C9C57B02AFC}
	EndGlobalSection
EndGlobal
